
Microsoft Visual Studio Solution File, Format Version 12.00
# Visual Studio 14
VisualStudioVersion = 14.0.23107.0
MinimumVisualStudioVersion = 10.0.40219.1
Project("{FAE04EC0-301F-11D3-BF4B-00C04F79EFBC}") = "VimeoAPI", "VimeoAPI\VimeoAPI.csproj", "{F13DF16E-B846-4532-AB59-B26418D1F95A}"
EndProject
Project("{2150E333-8FDC-42A3-9474-1A3956D46DE8}") = ".nuget", ".nuget", "{BADD56E2-725D-41FC-9017-0A1BB406FB44}"
	ProjectSection(SolutionItems) = preProject
		.nuget\NuGet.Config = .nuget\NuGet.Config
	EndProjectSection
EndProject
Global
	GlobalSection(SolutionConfigurationPlatforms) = preSolution
		Debug|AnyCPU = Debug|AnyCPU
		Release|AnyCPU = Release|AnyCPU
	EndGlobalSection
	GlobalSection(ProjectConfigurationPlatforms) = postSolution
		{F13DF16E-B846-4532-AB59-B26418D1F95A}.Debug|AnyCPU.ActiveCfg = Debug|Any CPU
		{F13DF16E-B846-4532-AB59-B26418D1F95A}.Debug|AnyCPU.Build.0 = Debug|Any CPU
		{F13DF16E-B846-4532-AB59-B26418D1F95A}.Release|AnyCPU.ActiveCfg = Release|Any CPU
		{F13DF16E-B846-4532-AB59-B26418D1F95A}.Release|AnyCPU.Build.0 = Release|Any CPU
	EndGlobalSection
	GlobalSection(SolutionProperties) = preSolution
		HideSolutionNode = FALSE
	EndGlobalSection
EndGlobal
