
Microsoft Visual Studio Solution File, Format Version 11.00
# Visual Studio 2010
Project("{FAE04EC0-301F-11D3-BF4B-00C04F79EFBC}") = "VimeoAPI", "VimeoAPI\VimeoAPI.csproj", "{F13DF16E-B846-4532-AB59-B26418D1F95A}"
EndProject
Global
	GlobalSection(SolutionConfigurationPlatforms) = preSolution
		Debug|Win32 = Debug|Win32
		Debug|x64 = Debug|x64
		Release|Win32 = Release|Win32
		Release|x64 = Release|x64
	EndGlobalSection
	GlobalSection(ProjectConfigurationPlatforms) = postSolution
		{F13DF16E-B846-4532-AB59-B26418D1F95A}.Debug|Win32.ActiveCfg = Debug|Any CPU
		{F13DF16E-B846-4532-AB59-B26418D1F95A}.Debug|Win32.Build.0 = Debug|Any CPU
		{F13DF16E-B846-4532-AB59-B26418D1F95A}.Debug|x64.ActiveCfg = Debug|Any CPU
		{F13DF16E-B846-4532-AB59-B26418D1F95A}.Debug|x64.Build.0 = Debug|Any CPU
		{F13DF16E-B846-4532-AB59-B26418D1F95A}.Release|Win32.ActiveCfg = Release|Any CPU
		{F13DF16E-B846-4532-AB59-B26418D1F95A}.Release|Win32.Build.0 = Release|Any CPU
		{F13DF16E-B846-4532-AB59-B26418D1F95A}.Release|x64.ActiveCfg = Release|Any CPU
		{F13DF16E-B846-4532-AB59-B26418D1F95A}.Release|x64.Build.0 = Release|Any CPU
	EndGlobalSection
	GlobalSection(SolutionProperties) = preSolution
		HideSolutionNode = FALSE
	EndGlobalSection
EndGlobal
